{
  "name": "first-app",
  "version": "0.1.0",
  "lockfileVersion": 1,
  "requires": true,
  "dependencies": {
    "@next/env": {
      "version": "12.1.1-canary.2",
      "resolved": "https://registry.npmjs.org/@next/env/-/env-12.1.1-canary.2.tgz",
      "integrity": "sha512-g4sFxFwBYqOPR4Nu0msxx99vYN+pQg5GQddE9u/MT3C906onRSY6sEGpTOEYT3zvpjhue2n0HjJbwLMsaKPHNw=="
    },
    "@next/swc-android-arm-eabi": {
      "version": "12.1.1-canary.2",
      "resolved": "https://registry.npmjs.org/@next/swc-android-arm-eabi/-/swc-android-arm-eabi-12.1.1-canary.2.tgz",
      "integrity": "sha512-owkZ9uJ5Nk+hUlMlTh8ViG3sRts21OySye7Dky9MAWO6peuZsw8LF+pQAswoSR1bgHvKYq0GaqxrXgXQd2atkQ==",
      "optional": true
    },
    "@next/swc-android-arm64": {
      "version": "12.1.1-canary.2",
      "resolved": "https://registry.npmjs.org/@next/swc-android-arm64/-/swc-android-arm64-12.1.1-canary.2.tgz",
      "integrity": "sha512-r/wwlbo96anEEyDmEj9icO798vIOW/1/vgimWMZzmUYLt3WlfKnlm4XtqAVTLmGnsIbIEjd5v+JnsKjQYt7AFw==",
      "optional": true
    },
    "@next/swc-darwin-arm64": {
      "version": "12.1.1-canary.2",
      "resolved": "https://registry.npmjs.org/@next/swc-darwin-arm64/-/swc-darwin-arm64-12.1.1-canary.2.tgz",
      "integrity": "sha512-R243VV15AfjmtT9mOOIjtvo3BCLKFIXfAbzGZdzjpCA8WGwiwjAvsP6GPn9k8BLpAVIpqa8CfT4eLAse5I3EyA==",
      "optional": true
    },
    "@next/swc-darwin-x64": {
      "version": "12.1.1-canary.2",
      "resolved": "https://registry.npmjs.org/@next/swc-darwin-x64/-/swc-darwin-x64-12.1.1-canary.2.tgz",
      "integrity": "sha512-q33Guicy94kW5GXAnVeUIPxDirgH5SeQycL61NXqpxlUkU6JE9kNEag+ZLobuFNe+zcIFnMkYjki06ayh1YXpQ==",
      "optional": true
    },
    "@next/swc-linux-arm-gnueabihf": {
      "version": "12.1.1-canary.2",
      "resolved": "https://registry.npmjs.org/@next/swc-linux-arm-gnueabihf/-/swc-linux-arm-gnueabihf-12.1.1-canary.2.tgz",
      "integrity": "sha512-kg3Q0g77xbPEF5ejVEwz74niaZ165X/5/2fRGim2pvOlBckAdgC34eVQATc8q96hfJ15pJ2CZY7dzQO75qy/3A==",
      "optional": true
    },
    "@next/swc-linux-arm64-gnu": {
      "version": "12.1.1-canary.2",
      "resolved": "https://registry.npmjs.org/@next/swc-linux-arm64-gnu/-/swc-linux-arm64-gnu-12.1.1-canary.2.tgz",
      "integrity": "sha512-OC50hrXEJgPyZp+dRiZnlJhL8HEkwh7d7NdaHfhZ9ZrLwVLmBa2bLmHLzqQ+Qkwcy11bFhGc5LX5UvNUW+aT5w==",
      "optional": true
    },
    "@next/swc-linux-arm64-musl": {
      "version": "12.1.1-canary.2",
      "resolved": "https://registry.npmjs.org/@next/swc-linux-arm64-musl/-/swc-linux-arm64-musl-12.1.1-canary.2.tgz",
      "integrity": "sha512-CjLNtgYCDhpe0rL+5Ns2weJtugFkPT64E6fm7ypr5L9GVHHeKlQ9XCzlvcYRdqSPI/Y/5kW263XQjhTCSdx2WQ==",
      "optional": true
    },
    "@next/swc-linux-x64-gnu": {
      "version": "12.1.1-canary.2",
      "resolved": "https://registry.npmjs.org/@next/swc-linux-x64-gnu/-/swc-linux-x64-gnu-12.1.1-canary.2.tgz",
      "integrity": "sha512-gdpDQGaOJw2mtA49pgItnJPDLdDE+aeYTPFrhvrt3NZ6WVIABs6YiFDlVSfT7chETWP7VE/16o+Q5bfgSzXEaw==",
      "optional": true
    },
    "@next/swc-linux-x64-musl": {
      "version": "12.1.1-canary.2",
      "resolved": "https://registry.npmjs.org/@next/swc-linux-x64-musl/-/swc-linux-x64-musl-12.1.1-canary.2.tgz",
      "integrity": "sha512-7HOod1wQozrhA1hsvEeCl876e54PBsS4+MeRpQvaYfqL8jhZvzPPv2dOxtEoQh9D49ZRy1EaB1Sd7yhGrCS7oA==",
      "optional": true
    },
    "@next/swc-win32-arm64-msvc": {
      "version": "12.1.1-canary.2",
      "resolved": "https://registry.npmjs.org/@next/swc-win32-arm64-msvc/-/swc-win32-arm64-msvc-12.1.1-canary.2.tgz",
      "integrity": "sha512-FH6DKCkESYk4N5Wl2iK4g48CcYqtJM8BqI+10lLaCEqFZ/ajGODED+JBTgE441Zr1VLyePvImdelzv+dqEaIqw==",
      "optional": true
    },
    "@next/swc-win32-ia32-msvc": {
      "version": "12.1.1-canary.2",
      "resolved": "https://registry.npmjs.org/@next/swc-win32-ia32-msvc/-/swc-win32-ia32-msvc-12.1.1-canary.2.tgz",
      "integrity": "sha512-zIMGv1vl7cpmXjVDVB8medBn4zeW6h5ovYa13keoXyVGrg9cerryd/Gp8Jf65+oWyi1qf9p0QFuqjzMN9GW/yA==",
      "optional": true
    },
    "@next/swc-win32-x64-msvc": {
      "version": "12.1.1-canary.2",
      "resolved": "https://registry.npmjs.org/@next/swc-win32-x64-msvc/-/swc-win32-x64-msvc-12.1.1-canary.2.tgz",
      "integrity": "sha512-mPC5hF+WqFxeIpwW3ddOUY8ppZCB0O/jw90Z3yUEk8YRFVp1zKDiHpV0ZZpYdTqGiB2b7wri6gAq6GH7u2v4Xg==",
      "optional": true
    },
    "caniuse-lite": {
      "version": "1.0.30001312",
      "resolved": "https://registry.npmjs.org/caniuse-lite/-/caniuse-lite-1.0.30001312.tgz",
      "integrity": "sha512-Wiz1Psk2MEK0pX3rUzWaunLTZzqS2JYZFzNKqAiJGiuxIjRPLgV6+VDPOg6lQOUxmDwhTlh198JsTTi8Hzw6aQ=="
    },
    "js-tokens": {
      "version": "4.0.0",
      "resolved": "https://registry.npmjs.org/js-tokens/-/js-tokens-4.0.0.tgz",
      "integrity": "sha512-RdJUflcE3cUzKiMqQgsCu06FPu9UdIJO0beYbPhHN4k6apgJtifcoCtT9bcxOpYBtpD2kCM6Sbzg4CausW/PKQ=="
    },
    "loose-envify": {
      "version": "1.4.0",
      "resolved": "https://registry.npmjs.org/loose-envify/-/loose-envify-1.4.0.tgz",
      "integrity": "sha512-lyuxPGr/Wfhrlem2CL/UcnUc1zcqKAImBDzukY7Y5F/yQiNdko6+fRLevlw1HgMySw7f611UIY408EtxRSoK3Q==",
      "requires": {
        "js-tokens": "^3.0.0 || ^4.0.0"
      }
    },
    "nanoid": {
      "version": "3.3.1",
      "resolved": "https://registry.npmjs.org/nanoid/-/nanoid-3.3.1.tgz",
      "integrity": "sha512-n6Vs/3KGyxPQd6uO0eH4Bv0ojGSUvuLlIHtC3Y0kEO23YRge8H9x1GCzLn28YX0H66pMkxuaeESFq4tKISKwdw=="
    },
    "next": {
      "version": "12.1.1-canary.2",
      "resolved": "https://registry.npmjs.org/next/-/next-12.1.1-canary.2.tgz",
      "integrity": "sha512-zpeQi4NKnVE8znEihAXwBl/yOaSwaaWPtUnjr49XvIyALXIKMtDGlr6qjwVrhMmWXR009yDNRRI+qo/q+OFoUg==",
      "requires": {
        "@next/env": "12.1.1-canary.2",
        "@next/swc-android-arm-eabi": "12.1.1-canary.2",
        "@next/swc-android-arm64": "12.1.1-canary.2",
        "@next/swc-darwin-arm64": "12.1.1-canary.2",
        "@next/swc-darwin-x64": "12.1.1-canary.2",
        "@next/swc-linux-arm-gnueabihf": "12.1.1-canary.2",
        "@next/swc-linux-arm64-gnu": "12.1.1-canary.2",
        "@next/swc-linux-arm64-musl": "12.1.1-canary.2",
        "@next/swc-linux-x64-gnu": "12.1.1-canary.2",
        "@next/swc-linux-x64-musl": "12.1.1-canary.2",
        "@next/swc-win32-arm64-msvc": "12.1.1-canary.2",
        "@next/swc-win32-ia32-msvc": "12.1.1-canary.2",
        "@next/swc-win32-x64-msvc": "12.1.1-canary.2",
        "caniuse-lite": "^1.0.30001283",
        "postcss": "8.4.5",
        "styled-jsx": "5.0.0",
        "use-subscription": "1.5.1"
      }
    },
    "object-assign": {
      "version": "4.1.1",
      "resolved": "https://registry.npmjs.org/object-assign/-/object-assign-4.1.1.tgz",
      "integrity": "sha1-IQmtx5ZYh8/AXLvUQsrIv7s2CGM="
    },
    "picocolors": {
      "version": "1.0.0",
      "resolved": "https://registry.npmjs.org/picocolors/-/picocolors-1.0.0.tgz",
      "integrity": "sha512-1fygroTLlHu66zi26VoTDv8yRgm0Fccecssto+MhsZ0D/DGW2sm8E8AjW7NU5VVTRt5GxbeZ5qBuJr+HyLYkjQ=="
    },
    "postcss": {
      "version": "8.4.5",
      "resolved": "https://registry.npmjs.org/postcss/-/postcss-8.4.5.tgz",
      "integrity": "sha512-jBDboWM8qpaqwkMwItqTQTiFikhs/67OYVvblFFTM7MrZjt6yMKd6r2kgXizEbTTljacm4NldIlZnhbjr84QYg==",
      "requires": {
        "nanoid": "^3.1.30",
        "picocolors": "^1.0.0",
        "source-map-js": "^1.0.1"
      }
    },
    "react": {
      "version": "17.0.2",
      "resolved": "https://registry.npmjs.org/react/-/react-17.0.2.tgz",
      "integrity": "sha512-gnhPt75i/dq/z3/6q/0asP78D0u592D5L1pd7M8P+dck6Fu/jJeL6iVVK23fptSUZj8Vjf++7wXA8UNclGQcbA==",
      "requires": {
        "loose-envify": "^1.1.0",
        "object-assign": "^4.1.1"
      }
    },
    "react-dom": {
      "version": "17.0.2",
      "resolved": "https://registry.npmjs.org/react-dom/-/react-dom-17.0.2.tgz",
      "integrity": "sha512-s4h96KtLDUQlsENhMn1ar8t2bEa+q/YAtj8pPPdIjPDGBDIVNsrD9aXNWqspUe6AzKCIG0C1HZZLqLV7qpOBGA==",
      "requires": {
        "loose-envify": "^1.1.0",
        "object-assign": "^4.1.1",
        "scheduler": "^0.20.2"
      }
    },
    "scheduler": {
      "version": "0.20.2",
      "resolved": "https://registry.npmjs.org/scheduler/-/scheduler-0.20.2.tgz",
      "integrity": "sha512-2eWfGgAqqWFGqtdMmcL5zCMK1U8KlXv8SQFGglL3CEtd0aDVDWgeF/YoCmvln55m5zSk3J/20hTaSBeSObsQDQ==",
      "requires": {
        "loose-envify": "^1.1.0",
        "object-assign": "^4.1.1"
      }
    },
    "source-map-js": {
      "version": "1.0.2",
      "resolved": "https://registry.npmjs.org/source-map-js/-/source-map-js-1.0.2.tgz",
      "integrity": "sha512-R0XvVJ9WusLiqTCEiGCmICCMplcCkIwwR11mOSD9CR5u+IXYdiseeEuXCVAjS54zqwkLcPNnmU4OeJ6tUrWhDw=="
    },
    "styled-jsx": {
      "version": "5.0.0",
      "resolved": "https://registry.npmjs.org/styled-jsx/-/styled-jsx-5.0.0.tgz",
      "integrity": "sha512-qUqsWoBquEdERe10EW8vLp3jT25s/ssG1/qX5gZ4wu15OZpmSMFI2v+fWlRhLfykA5rFtlJ1ME8A8pm/peV4WA=="
    },
    "use-subscription": {
      "version": "1.5.1",
      "resolved": "https://registry.npmjs.org/use-subscription/-/use-subscription-1.5.1.tgz",
      "integrity": "sha512-Xv2a1P/yReAjAbhylMfFplFKj9GssgTwN7RlcTxBujFQcloStWNDQdc4g4NRWH9xS4i/FDk04vQBptAXoF3VcA==",
      "requires": {
        "object-assign": "^4.1.1"
      }
    }
  }
}
